# THIS IS AN AUTOGENERATED FILE. DO NOT EDIT THIS FILE DIRECTLY.
# yarn lockfile v1


gogen@^1.0.0:
  version "1.0.0"
  resolved "https://registry.yarnpkg.com/gogen/-/gogen-1.0.0.tgz#594d0590f5fc53b8c5a4d6558bf65111b069b32f"
  integrity sha512-MIRZ6Ou2Eco/O7k53nyvANACocHyaroZgGZWOYtj4d8H0lOc06dZtzTyC+y+m39oTYDhszbWjRCsj21cfCFO/g==
